// !$*UTF8*$!
{
	archiveVersion = 1;
	classes = {
	};
	objectVersion = 56;
	objects = {

/* Begin PBXBuildFile section */
		6FA59A0A2925F58D00F03557 /* ShuffleApp.swift in Sources */ = {isa = PBXBuildFile; fileRef = 6FA59A092925F58D00F03557 /* ShuffleApp.swift */; };
		6FA59A0C2925F58D00F03557 /* ContentView.swift in Sources */ = {isa = PBXBuildFile; fileRef = 6FA59A0B2925F58D00F03557 /* ContentView.swift */; };
		6FA59A0E2925F58E00F03557 /* Assets.xcassets in Resources */ = {isa = PBXBuildFile; fileRef = 6FA59A0D2925F58E00F03557 /* Assets.xcassets */; };
		6FA59A112925F58E00F03557 /* Preview Assets.xcassets in Resources */ = {isa = PBXBuildFile; fileRef = 6FA59A102925F58E00F03557 /* Preview Assets.xcassets */; };
		6FA59A1A2925FAA400F03557 /* MainView.swift in Sources */ = {isa = PBXBuildFile; fileRef = 6FA59A192925FAA400F03557 /* MainView.swift */; };
		6FA59A1C2925FE1600F03557 /* LibraryView.swift in Sources */ = {isa = PBXBuildFile; fileRef = 6FA59A1B2925FE1600F03557 /* LibraryView.swift */; };
		6FA59A1F2926018B00F03557 /* ParserXML.swift in Sources */ = {isa = PBXBuildFile; fileRef = 6FA59A1E2926018B00F03557 /* ParserXML.swift */; };
		6FA59A222926023700F03557 /* SwiftyXMLParser.framework in Frameworks */ = {isa = PBXBuildFile; fileRef = 6FA59A212926023700F03557 /* SwiftyXMLParser.framework */; };
		6FA59A232926023700F03557 /* SwiftyXMLParser.framework in Embed Frameworks */ = {isa = PBXBuildFile; fileRef = 6FA59A212926023700F03557 /* SwiftyXMLParser.framework */; settings = {ATTRIBUTES = (CodeSignOnCopy, RemoveHeadersOnCopy, ); }; };
		6FA59A26292663FD00F03557 /* LaunchDataCheck.swift in Sources */ = {isa = PBXBuildFile; fileRef = 6FA59A25292663FD00F03557 /* LaunchDataCheck.swift */; };
		6FA59A2829266F7100F03557 /* ReaderView.swift in Sources */ = {isa = PBXBuildFile; fileRef = 6FA59A2729266F7100F03557 /* ReaderView.swift */; };
		6FA59A2E29269B1000F03557 /* Settings.swift in Sources */ = {isa = PBXBuildFile; fileRef = 6FA59A2D29269B1000F03557 /* Settings.swift */; };
/* End PBXBuildFile section */

/* Begin PBXCopyFilesBuildPhase section */
		6FA59A242926023700F03557 /* Embed Frameworks */ = {
			isa = PBXCopyFilesBuildPhase;
			buildActionMask = 2147483647;
			dstPath = "";
			dstSubfolderSpec = 10;
			files = (
				6FA59A232926023700F03557 /* SwiftyXMLParser.framework in Embed Frameworks */,
			);
			name = "Embed Frameworks";
			runOnlyForDeploymentPostprocessing = 0;
		};
/* End PBXCopyFilesBuildPhase section */

/* Begin PBXFileReference section */
		6FA59A062925F58D00F03557 /* Shuffle.app */ = {isa = PBXFileReference; explicitFileType = wrapper.application; includeInIndex = 0; path = Shuffle.app; sourceTree = BUILT_PRODUCTS_DIR; };
		6FA59A092925F58D00F03557 /* ShuffleApp.swift */ = {isa = PBXFileReference; lastKnownFileType = sourcecode.swift; path = ShuffleApp.swift; sourceTree = "<group>"; };
		6FA59A0B2925F58D00F03557 /* ContentView.swift */ = {isa = PBXFileReference; lastKnownFileType = sourcecode.swift; path = ContentView.swift; sourceTree = "<group>"; };
		6FA59A0D2925F58E00F03557 /* Assets.xcassets */ = {isa = PBXFileReference; lastKnownFileType = folder.assetcatalog; path = Assets.xcassets; sourceTree = "<group>"; };
		6FA59A102925F58E00F03557 /* Preview Assets.xcassets */ = {isa = PBXFileReference; lastKnownFileType = folder.assetcatalog; path = "Preview Assets.xcassets"; sourceTree = "<group>"; };
		6FA59A122925F58E00F03557 /* Shuffle.entitlements */ = {isa = PBXFileReference; lastKnownFileType = text.plist.entitlements; path = Shuffle.entitlements; sourceTree = "<group>"; };
		6FA59A192925FAA400F03557 /* MainView.swift */ = {isa = PBXFileReference; lastKnownFileType = sourcecode.swift; path = MainView.swift; sourceTree = "<group>"; };
		6FA59A1B2925FE1600F03557 /* LibraryView.swift */ = {isa = PBXFileReference; lastKnownFileType = sourcecode.swift; path = LibraryView.swift; sourceTree = "<group>"; };
		6FA59A1E2926018B00F03557 /* ParserXML.swift */ = {isa = PBXFileReference; lastKnownFileType = sourcecode.swift; path = ParserXML.swift; sourceTree = "<group>"; };
		6FA59A212926023700F03557 /* SwiftyXMLParser.framework */ = {isa = PBXFileReference; lastKnownFileType = wrapper.framework; name = SwiftyXMLParser.framework; path = Carthage/Build/Mac/SwiftyXMLParser.framework; sourceTree = "<group>"; };
		6FA59A25292663FD00F03557 /* LaunchDataCheck.swift */ = {isa = PBXFileReference; lastKnownFileType = sourcecode.swift; path = LaunchDataCheck.swift; sourceTree = "<group>"; };
		6FA59A2729266F7100F03557 /* ReaderView.swift */ = {isa = PBXFileReference; lastKnownFileType = sourcecode.swift; path = ReaderView.swift; sourceTree = "<group>"; };
		6FA59A2D29269B1000F03557 /* Settings.swift */ = {isa = PBXFileReference; lastKnownFileType = sourcecode.swift; path = Settings.swift; sourceTree = "<group>"; };
/* End PBXFileReference section */

/* Begin PBXFrameworksBuildPhase section */
		6FA59A032925F58D00F03557 /* Frameworks */ = {
			isa = PBXFrameworksBuildPhase;
			buildActionMask = 2147483647;
			files = (
				6FA59A222926023700F03557 /* SwiftyXMLParser.framework in Frameworks */,
			);
			runOnlyForDeploymentPostprocessing = 0;
		};
/* End PBXFrameworksBuildPhase section */

/* Begin PBXGroup section */
		6FA599FD2925F58D00F03557 = {
			isa = PBXGroup;
			children = (
				6FA59A082925F58D00F03557 /* Shuffle */,
				6FA59A072925F58D00F03557 /* Products */,
				6FA59A202926023700F03557 /* Frameworks */,
			);
			sourceTree = "<group>";
		};
		6FA59A072925F58D00F03557 /* Products */ = {
			isa = PBXGroup;
			children = (
				6FA59A062925F58D00F03557 /* Shuffle.app */,
			);
			name = Products;
			sourceTree = "<group>";
		};
		6FA59A082925F58D00F03557 /* Shuffle */ = {
			isa = PBXGroup;
			children = (
				6FA59A1D2926014700F03557 /* Manager */,
				6FA59A092925F58D00F03557 /* ShuffleApp.swift */,
				6FA59A0B2925F58D00F03557 /* ContentView.swift */,
				6FA59A182925FA8A00F03557 /* View */,
				6FA59A0D2925F58E00F03557 /* Assets.xcassets */,
				6FA59A122925F58E00F03557 /* Shuffle.entitlements */,
				6FA59A0F2925F58E00F03557 /* Preview Content */,
			);
			path = Shuffle;
			sourceTree = "<group>";
		};
		6FA59A0F2925F58E00F03557 /* Preview Content */ = {
			isa = PBXGroup;
			children = (
				6FA59A102925F58E00F03557 /* Preview Assets.xcassets */,
			);
			path = "Preview Content";
			sourceTree = "<group>";
		};
		6FA59A182925FA8A00F03557 /* View */ = {
			isa = PBXGroup;
			children = (
				6FA59A192925FAA400F03557 /* MainView.swift */,
				6FA59A1B2925FE1600F03557 /* LibraryView.swift */,
				6FA59A2729266F7100F03557 /* ReaderView.swift */,
			);
			path = View;
			sourceTree = "<group>";
		};
		6FA59A1D2926014700F03557 /* Manager */ = {
			isa = PBXGroup;
			children = (
				6FA59A25292663FD00F03557 /* LaunchDataCheck.swift */,
				6FA59A1E2926018B00F03557 /* ParserXML.swift */,
				6FA59A2D29269B1000F03557 /* Settings.swift */,
			);
			path = Manager;
			sourceTree = "<group>";
		};
		6FA59A202926023700F03557 /* Frameworks */ = {
			isa = PBXGroup;
			children = (
				6FA59A212926023700F03557 /* SwiftyXMLParser.framework */,
			);
			name = Frameworks;
			sourceTree = "<group>";
		};
/* End PBXGroup section */

/* Begin PBXNativeTarget section */
		6FA59A052925F58D00F03557 /* Shuffle */ = {
			isa = PBXNativeTarget;
			buildConfigurationList = 6FA59A152925F58E00F03557 /* Build configuration list for PBXNativeTarget "Shuffle" */;
			buildPhases = (
				6FA59A022925F58D00F03557 /* Sources */,
				6FA59A032925F58D00F03557 /* Frameworks */,
				6FA59A042925F58D00F03557 /* Resources */,
				6FA59A242926023700F03557 /* Embed Frameworks */,
			);
			buildRules = (
			);
			dependencies = (
			);
			name = Shuffle;
			productName = Shuffle;
			productReference = 6FA59A062925F58D00F03557 /* Shuffle.app */;
			productType = "com.apple.product-type.application";
		};
/* End PBXNativeTarget section */

/* Begin PBXProject section */
		6FA599FE2925F58D00F03557 /* Project object */ = {
			isa = PBXProject;
			attributes = {
				BuildIndependentTargetsInParallel = 1;
				LastSwiftUpdateCheck = 1410;
				LastUpgradeCheck = 1410;
				TargetAttributes = {
					6FA59A052925F58D00F03557 = {
						CreatedOnToolsVersion = 14.1;
					};
				};
			};
			buildConfigurationList = 6FA59A012925F58D00F03557 /* Build configuration list for PBXProject "Shuffle" */;
			compatibilityVersion = "Xcode 14.0";
			developmentRegion = en;
			hasScannedForEncodings = 0;
			knownRegions = (
				en,
				Base,
			);
			mainGroup = 6FA599FD2925F58D00F03557;
			productRefGroup = 6FA59A072925F58D00F03557 /* Products */;
			projectDirPath = "";
			projectRoot = "";
			targets = (
				6FA59A052925F58D00F03557 /* Shuffle */,
			);
		};
/* End PBXProject section */

/* Begin PBXResourcesBuildPhase section */
		6FA59A042925F58D00F03557 /* Resources */ = {
			isa = PBXResourcesBuildPhase;
			buildActionMask = 2147483647;
			files = (
				6FA59A112925F58E00F03557 /* Preview Assets.xcassets in Resources */,
				6FA59A0E2925F58E00F03557 /* Assets.xcassets in Resources */,
			);
			runOnlyForDeploymentPostprocessing = 0;
		};
/* End PBXResourcesBuildPhase section */

/* Begin PBXSourcesBuildPhase section */
		6FA59A022925F58D00F03557 /* Sources */ = {
			isa = PBXSourcesBuildPhase;
			buildActionMask = 2147483647;
			files = (
				6FA59A1C2925FE1600F03557 /* LibraryView.swift in Sources */,
				6FA59A0C2925F58D00F03557 /* ContentView.swift in Sources */,
				6FA59A2E29269B1000F03557 /* Settings.swift in Sources */,
				6FA59A1A2925FAA400F03557 /* MainView.swift in Sources */,
				6FA59A2829266F7100F03557 /* ReaderView.swift in Sources */,
				6FA59A26292663FD00F03557 /* LaunchDataCheck.swift in Sources */,
				6FA59A1F2926018B00F03557 /* ParserXML.swift in Sources */,
				6FA59A0A2925F58D00F03557 /* ShuffleApp.swift in Sources */,
			);
			runOnlyForDeploymentPostprocessing = 0;
		};
/* End PBXSourcesBuildPhase section */

/* Begin XCBuildConfiguration section */
		6FA59A132925F58E00F03557 /* Debug */ = {
			isa = XCBuildConfiguration;
			buildSettings = {
				ALWAYS_SEARCH_USER_PATHS = NO;
				CLANG_ANALYZER_NONNULL = YES;
				CLANG_ANALYZER_NUMBER_OBJECT_CONVERSION = YES_AGGRESSIVE;
				CLANG_CXX_LANGUAGE_STANDARD = "gnu++20";
				CLANG_ENABLE_MODULES = YES;
				CLANG_ENABLE_OBJC_ARC = YES;
				CLANG_ENABLE_OBJC_WEAK = YES;
				CLANG_WARN_BLOCK_CAPTURE_AUTORELEASING = YES;
				CLANG_WARN_BOOL_CONVERSION = YES;
				CLANG_WARN_COMMA = YES;
				CLANG_WARN_CONSTANT_CONVERSION = YES;
				CLANG_WARN_DEPRECATED_OBJC_IMPLEMENTATIONS = YES;
				CLANG_WARN_DIRECT_OBJC_ISA_USAGE = YES_ERROR;
				CLANG_WARN_DOCUMENTATION_COMMENTS = YES;
				CLANG_WARN_EMPTY_BODY = YES;
				CLANG_WARN_ENUM_CONVERSION = YES;
				CLANG_WARN_INFINITE_RECURSION = YES;
				CLANG_WARN_INT_CONVERSION = YES;
				CLANG_WARN_NON_LITERAL_NULL_CONVERSION = YES;
				CLANG_WARN_OBJC_IMPLICIT_RETAIN_SELF = YES;
				CLANG_WARN_OBJC_LITERAL_CONVERSION = YES;
				CLANG_WARN_OBJC_ROOT_CLASS = YES_ERROR;
				CLANG_WARN_QUOTED_INCLUDE_IN_FRAMEWORK_HEADER = YES;
				CLANG_WARN_RANGE_LOOP_ANALYSIS = YES;
				CLANG_WARN_STRICT_PROTOTYPES = YES;
				CLANG_WARN_SUSPICIOUS_MOVE = YES;
				CLANG_WARN_UNGUARDED_AVAILABILITY = YES_AGGRESSIVE;
				CLANG_WARN_UNREACHABLE_CODE = YES;
				CLANG_WARN__DUPLICATE_METHOD_MATCH = YES;
				COPY_PHASE_STRIP = NO;
				DEBUG_INFORMATION_FORMAT = dwarf;
				ENABLE_STRICT_OBJC_MSGSEND = YES;
				ENABLE_TESTABILITY = YES;
				GCC_C_LANGUAGE_STANDARD = gnu11;
				GCC_DYNAMIC_NO_PIC = NO;
				GCC_NO_COMMON_BLOCKS = YES;
				GCC_OPTIMIZATION_LEVEL = 0;
				GCC_PREPROCESSOR_DEFINITIONS = (
					"DEBUG=1",
					"$(inherited)",
				);
				GCC_WARN_64_TO_32_BIT_CONVERSION = YES;
				GCC_WARN_ABOUT_RETURN_TYPE = YES_ERROR;
				GCC_WARN_UNDECLARED_SELECTOR = YES;
				GCC_WARN_UNINITIALIZED_AUTOS = YES_AGGRESSIVE;
				GCC_WARN_UNUSED_FUNCTION = YES;
				GCC_WARN_UNUSED_VARIABLE = YES;
				MACOSX_DEPLOYMENT_TARGET = 13.0;
				MTL_ENABLE_DEBUG_INFO = INCLUDE_SOURCE;
				MTL_FAST_MATH = YES;
				ONLY_ACTIVE_ARCH = YES;
				SDKROOT = macosx;
				SWIFT_ACTIVE_COMPILATION_CONDITIONS = DEBUG;
				SWIFT_OPTIMIZATION_LEVEL = "-Onone";
			};
			name = Debug;
		};
		6FA59A142925F58E00F03557 /* Release */ = {
			isa = XCBuildConfiguration;
			buildSettings = {
				ALWAYS_SEARCH_USER_PATHS = NO;
				CLANG_ANALYZER_NONNULL = YES;
				CLANG_ANALYZER_NUMBER_OBJECT_CONVERSION = YES_AGGRESSIVE;
				CLANG_CXX_LANGUAGE_STANDARD = "gnu++20";
				CLANG_ENABLE_MODULES = YES;
				CLANG_ENABLE_OBJC_ARC = YES;
				CLANG_ENABLE_OBJC_WEAK = YES;
				CLANG_WARN_BLOCK_CAPTURE_AUTORELEASING = YES;
				CLANG_WARN_BOOL_CONVERSION = YES;
				CLANG_WARN_COMMA = YES;
				CLANG_WARN_CONSTANT_CONVERSION = YES;
				CLANG_WARN_DEPRECATED_OBJC_IMPLEMENTATIONS = YES;
				CLANG_WARN_DIRECT_OBJC_ISA_USAGE = YES_ERROR;
				CLANG_WARN_DOCUMENTATION_COMMENTS = YES;
				CLANG_WARN_EMPTY_BODY = YES;
				CLANG_WARN_ENUM_CONVERSION = YES;
				CLANG_WARN_INFINITE_RECURSION = YES;
				CLANG_WARN_INT_CONVERSION = YES;
				CLANG_WARN_NON_LITERAL_NULL_CONVERSION = YES;
				CLANG_WARN_OBJC_IMPLICIT_RETAIN_SELF = YES;
				CLANG_WARN_OBJC_LITERAL_CONVERSION = YES;
				CLANG_WARN_OBJC_ROOT_CLASS = YES_ERROR;
				CLANG_WARN_QUOTED_INCLUDE_IN_FRAMEWORK_HEADER = YES;
				CLANG_WARN_RANGE_LOOP_ANALYSIS = YES;
				CLANG_WARN_STRICT_PROTOTYPES = YES;
				CLANG_WARN_SUSPICIOUS_MOVE = YES;
				CLANG_WARN_UNGUARDED_AVAILABILITY = YES_AGGRESSIVE;
				CLANG_WARN_UNREACHABLE_CODE = YES;
				CLANG_WARN__DUPLICATE_METHOD_MATCH = YES;
				COPY_PHASE_STRIP = NO;
				DEBUG_INFORMATION_FORMAT = "dwarf-with-dsym";
				ENABLE_NS_ASSERTIONS = NO;
				ENABLE_STRICT_OBJC_MSGSEND = YES;
				GCC_C_LANGUAGE_STANDARD = gnu11;
				GCC_NO_COMMON_BLOCKS = YES;
				GCC_WARN_64_TO_32_BIT_CONVERSION = YES;
				GCC_WARN_ABOUT_RETURN_TYPE = YES_ERROR;
				GCC_WARN_UNDECLARED_SELECTOR = YES;
				GCC_WARN_UNINITIALIZED_AUTOS = YES_AGGRESSIVE;
				GCC_WARN_UNUSED_FUNCTION = YES;
				GCC_WARN_UNUSED_VARIABLE = YES;
				MACOSX_DEPLOYMENT_TARGET = 13.0;
				MTL_ENABLE_DEBUG_INFO = NO;
				MTL_FAST_MATH = YES;
				SDKROOT = macosx;
				SWIFT_COMPILATION_MODE = wholemodule;
				SWIFT_OPTIMIZATION_LEVEL = "-O";
			};
			name = Release;
		};
		6FA59A162925F58E00F03557 /* Debug */ = {
			isa = XCBuildConfiguration;
			buildSettings = {
				ASSETCATALOG_COMPILER_APPICON_NAME = AppIcon;
				ASSETCATALOG_COMPILER_GLOBAL_ACCENT_COLOR_NAME = AccentColor;
				CODE_SIGN_ENTITLEMENTS = Shuffle/Shuffle.entitlements;
				CODE_SIGN_STYLE = Automatic;
				COMBINE_HIDPI_IMAGES = YES;
				CURRENT_PROJECT_VERSION = 1;
				DEVELOPMENT_ASSET_PATHS = "\"Shuffle/Preview Content\"";
				ENABLE_PREVIEWS = YES;
				FRAMEWORK_SEARCH_PATHS = (
					"$(inherited)",
					"$(PROJECT_DIR)/Carthage/Build/Mac",
				);
				GENERATE_INFOPLIST_FILE = YES;
				INFOPLIST_KEY_NSHumanReadableCopyright = "";
				LD_RUNPATH_SEARCH_PATHS = (
					"$(inherited)",
					"@executable_path/../Frameworks",
				);
				MARKETING_VERSION = 1.0;
				PRODUCT_BUNDLE_IDENTIFIER = keig.Shuffle;
				PRODUCT_NAME = "$(TARGET_NAME)";
				SWIFT_EMIT_LOC_STRINGS = YES;
				SWIFT_VERSION = 5.0;
			};
			name = Debug;
		};
		6FA59A172925F58E00F03557 /* Release */ = {
			isa = XCBuildConfiguration;
			buildSettings = {
				ASSETCATALOG_COMPILER_APPICON_NAME = AppIcon;
				ASSETCATALOG_COMPILER_GLOBAL_ACCENT_COLOR_NAME = AccentColor;
				CODE_SIGN_ENTITLEMENTS = Shuffle/Shuffle.entitlements;
				CODE_SIGN_STYLE = Automatic;
				COMBINE_HIDPI_IMAGES = YES;
				CURRENT_PROJECT_VERSION = 1;
				DEVELOPMENT_ASSET_PATHS = "\"Shuffle/Preview Content\"";
				ENABLE_PREVIEWS = YES;
				FRAMEWORK_SEARCH_PATHS = (
					"$(inherited)",
					"$(PROJECT_DIR)/Carthage/Build/Mac",
				);
				GENERATE_INFOPLIST_FILE = YES;
				INFOPLIST_KEY_NSHumanReadableCopyright = "";
				LD_RUNPATH_SEARCH_PATHS = (
					"$(inherited)",
					"@executable_path/../Frameworks",
				);
				MARKETING_VERSION = 1.0;
				PRODUCT_BUNDLE_IDENTIFIER = keig.Shuffle;
				PRODUCT_NAME = "$(TARGET_NAME)";
				SWIFT_EMIT_LOC_STRINGS = YES;
				SWIFT_VERSION = 5.0;
			};
			name = Release;
		};
/* End XCBuildConfiguration section */

/* Begin XCConfigurationList section */
		6FA59A012925F58D00F03557 /* Build configuration list for PBXProject "Shuffle" */ = {
			isa = XCConfigurationList;
			buildConfigurations = (
				6FA59A132925F58E00F03557 /* Debug */,
				6FA59A142925F58E00F03557 /* Release */,
			);
			defaultConfigurationIsVisible = 0;
			defaultConfigurationName = Release;
		};
		6FA59A152925F58E00F03557 /* Build configuration list for PBXNativeTarget "Shuffle" */ = {
			isa = XCConfigurationList;
			buildConfigurations = (
				6FA59A162925F58E00F03557 /* Debug */,
				6FA59A172925F58E00F03557 /* Release */,
			);
			defaultConfigurationIsVisible = 0;
			defaultConfigurationName = Release;
		};
/* End XCConfigurationList section */
	};
	rootObject = 6FA599FE2925F58D00F03557 /* Project object */;
}
